// !$*UTF8*$!
{
	archiveVersion = 1;
	classes = {
	};
	objectVersion = 46;
	objects = {

/* Begin PBXBuildFile section */
		64C68B5F156447B500DC7B0D /* UIKit.framework in Frameworks */ = {isa = PBXBuildFile; fileRef = 64C68B5E156447B500DC7B0D /* UIKit.framework */; };
		64C68B61156447B500DC7B0D /* Foundation.framework in Frameworks */ = {isa = PBXBuildFile; fileRef = 64C68B60156447B500DC7B0D /* Foundation.framework */; };
		64C68B63156447B500DC7B0D /* CoreGraphics.framework in Frameworks */ = {isa = PBXBuildFile; fileRef = 64C68B62156447B500DC7B0D /* CoreGraphics.framework */; };
		64C68B69156447B500DC7B0D /* InfoPlist.strings in Resources */ = {isa = PBXBuildFile; fileRef = 64C68B67156447B500DC7B0D /* InfoPlist.strings */; };
		64C68B6B156447B500DC7B0D /* main.m in Sources */ = {isa = PBXBuildFile; fileRef = 64C68B6A156447B500DC7B0D /* main.m */; };
		64C68B6F156447B500DC7B0D /* HappinessAppDelegate.m in Sources */ = {isa = PBXBuildFile; fileRef = 64C68B6E156447B500DC7B0D /* HappinessAppDelegate.m */; };
		64C68B72156447B500DC7B0D /* MainStoryboard.storyboard in Resources */ = {isa = PBXBuildFile; fileRef = 64C68B70156447B500DC7B0D /* MainStoryboard.storyboard */; };
		64C68B75156447B600DC7B0D /* HappinessViewController.m in Sources */ = {isa = PBXBuildFile; fileRef = 64C68B74156447B600DC7B0D /* HappinessViewController.m */; };
		64C68B7D156448AC00DC7B0D /* FaceView.m in Sources */ = {isa = PBXBuildFile; fileRef = 64C68B7C156448AC00DC7B0D /* FaceView.m */; };
/* End PBXBuildFile section */

/* Begin PBXFileReference section */
		64C68B5A156447B500DC7B0D /* StandfordLecture5.app */ = {isa = PBXFileReference; explicitFileType = wrapper.application; includeInIndex = 0; path = StandfordLecture5.app; sourceTree = BUILT_PRODUCTS_DIR; };
		64C68B5E156447B500DC7B0D /* UIKit.framework */ = {isa = PBXFileReference; lastKnownFileType = wrapper.framework; name = UIKit.framework; path = System/Library/Frameworks/UIKit.framework; sourceTree = SDKROOT; };
		64C68B60156447B500DC7B0D /* Foundation.framework */ = {isa = PBXFileReference; lastKnownFileType = wrapper.framework; name = Foundation.framework; path = System/Library/Frameworks/Foundation.framework; sourceTree = SDKROOT; };
		64C68B62156447B500DC7B0D /* CoreGraphics.framework */ = {isa = PBXFileReference; lastKnownFileType = wrapper.framework; name = CoreGraphics.framework; path = System/Library/Frameworks/CoreGraphics.framework; sourceTree = SDKROOT; };
		64C68B66156447B500DC7B0D /* StandfordLecture5-Info.plist */ = {isa = PBXFileReference; lastKnownFileType = text.plist.xml; path = "StandfordLecture5-Info.plist"; sourceTree = "<group>"; };
		64C68B68156447B500DC7B0D /* en */ = {isa = PBXFileReference; lastKnownFileType = text.plist.strings; name = en; path = en.lproj/InfoPlist.strings; sourceTree = "<group>"; };
		64C68B6A156447B500DC7B0D /* main.m */ = {isa = PBXFileReference; lastKnownFileType = sourcecode.c.objc; path = main.m; sourceTree = "<group>"; };
		64C68B6C156447B500DC7B0D /* StandfordLecture5-Prefix.pch */ = {isa = PBXFileReference; lastKnownFileType = sourcecode.c.h; path = "StandfordLecture5-Prefix.pch"; sourceTree = "<group>"; };
		64C68B6D156447B500DC7B0D /* HappinessAppDelegate.h */ = {isa = PBXFileReference; lastKnownFileType = sourcecode.c.h; path = HappinessAppDelegate.h; sourceTree = "<group>"; };
		64C68B6E156447B500DC7B0D /* HappinessAppDelegate.m */ = {isa = PBXFileReference; lastKnownFileType = sourcecode.c.objc; path = HappinessAppDelegate.m; sourceTree = "<group>"; };
		64C68B71156447B500DC7B0D /* en */ = {isa = PBXFileReference; lastKnownFileType = file.storyboard; name = en; path = en.lproj/MainStoryboard.storyboard; sourceTree = "<group>"; };
		64C68B73156447B500DC7B0D /* HappinessViewController.h */ = {isa = PBXFileReference; lastKnownFileType = sourcecode.c.h; path = HappinessViewController.h; sourceTree = "<group>"; };
		64C68B74156447B600DC7B0D /* HappinessViewController.m */ = {isa = PBXFileReference; lastKnownFileType = sourcecode.c.objc; path = HappinessViewController.m; sourceTree = "<group>"; };
		64C68B7B156448AC00DC7B0D /* FaceView.h */ = {isa = PBXFileReference; fileEncoding = 4; lastKnownFileType = sourcecode.c.h; path = FaceView.h; sourceTree = "<group>"; };
		64C68B7C156448AC00DC7B0D /* FaceView.m */ = {isa = PBXFileReference; fileEncoding = 4; lastKnownFileType = sourcecode.c.objc; path = FaceView.m; sourceTree = "<group>"; };
/* End PBXFileReference section */

/* Begin PBXFrameworksBuildPhase section */
		64C68B57156447B500DC7B0D /* Frameworks */ = {
			isa = PBXFrameworksBuildPhase;
			buildActionMask = 2147483647;
			files = (
				64C68B5F156447B500DC7B0D /* UIKit.framework in Frameworks */,
				64C68B61156447B500DC7B0D /* Foundation.framework in Frameworks */,
				64C68B63156447B500DC7B0D /* CoreGraphics.framework in Frameworks */,
			);
			runOnlyForDeploymentPostprocessing = 0;
		};
/* End PBXFrameworksBuildPhase section */

/* Begin PBXGroup section */
		64C68B4F156447B500DC7B0D = {
			isa = PBXGroup;
			children = (
				64C68B64156447B500DC7B0D /* StandfordLecture5 */,
				64C68B5D156447B500DC7B0D /* Frameworks */,
				64C68B5B156447B500DC7B0D /* Products */,
			);
			sourceTree = "<group>";
		};
		64C68B5B156447B500DC7B0D /* Products */ = {
			isa = PBXGroup;
			children = (
				64C68B5A156447B500DC7B0D /* StandfordLecture5.app */,
			);
			name = Products;
			sourceTree = "<group>";
		};
		64C68B5D156447B500DC7B0D /* Frameworks */ = {
			isa = PBXGroup;
			children = (
				64C68B5E156447B500DC7B0D /* UIKit.framework */,
				64C68B60156447B500DC7B0D /* Foundation.framework */,
				64C68B62156447B500DC7B0D /* CoreGraphics.framework */,
			);
			name = Frameworks;
			sourceTree = "<group>";
		};
		64C68B64156447B500DC7B0D /* StandfordLecture5 */ = {
			isa = PBXGroup;
			children = (
				64C68B6D156447B500DC7B0D /* HappinessAppDelegate.h */,
				64C68B6E156447B500DC7B0D /* HappinessAppDelegate.m */,
				64C68B70156447B500DC7B0D /* MainStoryboard.storyboard */,
				64C68B73156447B500DC7B0D /* HappinessViewController.h */,
				64C68B74156447B600DC7B0D /* HappinessViewController.m */,
				64C68B7B156448AC00DC7B0D /* FaceView.h */,
				64C68B7C156448AC00DC7B0D /* FaceView.m */,
				64C68B65156447B500DC7B0D /* Supporting Files */,
			);
			path = StandfordLecture5;
			sourceTree = "<group>";
		};
		64C68B65156447B500DC7B0D /* Supporting Files */ = {
			isa = PBXGroup;
			children = (
				64C68B66156447B500DC7B0D /* StandfordLecture5-Info.plist */,
				64C68B67156447B500DC7B0D /* InfoPlist.strings */,
				64C68B6A156447B500DC7B0D /* main.m */,
				64C68B6C156447B500DC7B0D /* StandfordLecture5-Prefix.pch */,
			);
			name = "Supporting Files";
			sourceTree = "<group>";
		};
/* End PBXGroup section */

/* Begin PBXNativeTarget section */
		64C68B59156447B500DC7B0D /* StandfordLecture5 */ = {
			isa = PBXNativeTarget;
			buildConfigurationList = 64C68B78156447B600DC7B0D /* Build configuration list for PBXNativeTarget "StandfordLecture5" */;
			buildPhases = (
				64C68B56156447B500DC7B0D /* Sources */,
				64C68B57156447B500DC7B0D /* Frameworks */,
				64C68B58156447B500DC7B0D /* Resources */,
			);
			buildRules = (
			);
			dependencies = (
			);
			name = StandfordLecture5;
			productName = StandfordLecture5;
			productReference = 64C68B5A156447B500DC7B0D /* StandfordLecture5.app */;
			productType = "com.apple.product-type.application";
		};
/* End PBXNativeTarget section */

/* Begin PBXProject section */
		64C68B51156447B500DC7B0D /* Project object */ = {
			isa = PBXProject;
			attributes = {
				LastUpgradeCheck = 0420;
			};
			buildConfigurationList = 64C68B54156447B500DC7B0D /* Build configuration list for PBXProject "StandfordLecture5" */;
			compatibilityVersion = "Xcode 3.2";
			developmentRegion = English;
			hasScannedForEncodings = 0;
			knownRegions = (
				en,
			);
			mainGroup = 64C68B4F156447B500DC7B0D;
			productRefGroup = 64C68B5B156447B500DC7B0D /* Products */;
			projectDirPath = "";
			projectRoot = "";
			targets = (
				64C68B59156447B500DC7B0D /* StandfordLecture5 */,
			);
		};
/* End PBXProject section */

/* Begin PBXResourcesBuildPhase section */
		64C68B58156447B500DC7B0D /* Resources */ = {
			isa = PBXResourcesBuildPhase;
			buildActionMask = 2147483647;
			files = (
				64C68B69156447B500DC7B0D /* InfoPlist.strings in Resources */,
				64C68B72156447B500DC7B0D /* MainStoryboard.storyboard in Resources */,
			);
			runOnlyForDeploymentPostprocessing = 0;
		};
/* End PBXResourcesBuildPhase section */

/* Begin PBXSourcesBuildPhase section */
		64C68B56156447B500DC7B0D /* Sources */ = {
			isa = PBXSourcesBuildPhase;
			buildActionMask = 2147483647;
			files = (
				64C68B6B156447B500DC7B0D /* main.m in Sources */,
				64C68B6F156447B500DC7B0D /* HappinessAppDelegate.m in Sources */,
				64C68B75156447B600DC7B0D /* HappinessViewController.m in Sources */,
				64C68B7D156448AC00DC7B0D /* FaceView.m in Sources */,
			);
			runOnlyForDeploymentPostprocessing = 0;
		};
/* End PBXSourcesBuildPhase section */

/* Begin PBXVariantGroup section */
		64C68B67156447B500DC7B0D /* InfoPlist.strings */ = {
			isa = PBXVariantGroup;
			children = (
				64C68B68156447B500DC7B0D /* en */,
			);
			name = InfoPlist.strings;
			sourceTree = "<group>";
		};
		64C68B70156447B500DC7B0D /* MainStoryboard.storyboard */ = {
			isa = PBXVariantGroup;
			children = (
				64C68B71156447B500DC7B0D /* en */,
			);
			name = MainStoryboard.storyboard;
			sourceTree = "<group>";
		};
/* End PBXVariantGroup section */

/* Begin XCBuildConfiguration section */
		64C68B76156447B600DC7B0D /* Debug */ = {
			isa = XCBuildConfiguration;
			buildSettings = {
				ALWAYS_SEARCH_USER_PATHS = NO;
				ARCHS = "$(ARCHS_STANDARD_32_BIT)";
				CLANG_ENABLE_OBJC_ARC = YES;
				"CODE_SIGN_IDENTITY[sdk=iphoneos*]" = "iPhone Developer";
				COPY_PHASE_STRIP = NO;
				GCC_C_LANGUAGE_STANDARD = gnu99;
				GCC_DYNAMIC_NO_PIC = NO;
				GCC_OPTIMIZATION_LEVEL = 0;
				GCC_PREPROCESSOR_DEFINITIONS = (
					"DEBUG=1",
					"$(inherited)",
				);
				GCC_SYMBOLS_PRIVATE_EXTERN = NO;
				GCC_VERSION = com.apple.compilers.llvm.clang.1_0;
				GCC_WARN_ABOUT_MISSING_PROTOTYPES = YES;
				GCC_WARN_ABOUT_RETURN_TYPE = YES;
				GCC_WARN_UNUSED_VARIABLE = YES;
				IPHONEOS_DEPLOYMENT_TARGET = 5.0;
				SDKROOT = iphoneos;
			};
			name = Debug;
		};
		64C68B77156447B600DC7B0D /* Release */ = {
			isa = XCBuildConfiguration;
			buildSettings = {
				ALWAYS_SEARCH_USER_PATHS = NO;
				ARCHS = "$(ARCHS_STANDARD_32_BIT)";
				CLANG_ENABLE_OBJC_ARC = YES;
				"CODE_SIGN_IDENTITY[sdk=iphoneos*]" = "iPhone Developer";
				COPY_PHASE_STRIP = YES;
				GCC_C_LANGUAGE_STANDARD = gnu99;
				GCC_VERSION = com.apple.compilers.llvm.clang.1_0;
				GCC_WARN_ABOUT_MISSING_PROTOTYPES = YES;
				GCC_WARN_ABOUT_RETURN_TYPE = YES;
				GCC_WARN_UNUSED_VARIABLE = YES;
				IPHONEOS_DEPLOYMENT_TARGET = 5.0;
				OTHER_CFLAGS = "-DNS_BLOCK_ASSERTIONS=1";
				SDKROOT = iphoneos;
				VALIDATE_PRODUCT = YES;
			};
			name = Release;
		};
		64C68B79156447B600DC7B0D /* Debug */ = {
			isa = XCBuildConfiguration;
			buildSettings = {
				GCC_PRECOMPILE_PREFIX_HEADER = YES;
				GCC_PREFIX_HEADER = "StandfordLecture5/StandfordLecture5-Prefix.pch";
				INFOPLIST_FILE = "StandfordLecture5/StandfordLecture5-Info.plist";
				PRODUCT_NAME = "$(TARGET_NAME)";
				WRAPPER_EXTENSION = app;
			};
			name = Debug;
		};
		64C68B7A156447B600DC7B0D /* Release */ = {
			isa = XCBuildConfiguration;
			buildSettings = {
				GCC_PRECOMPILE_PREFIX_HEADER = YES;
				GCC_PREFIX_HEADER = "StandfordLecture5/StandfordLecture5-Prefix.pch";
				INFOPLIST_FILE = "StandfordLecture5/StandfordLecture5-Info.plist";
				PRODUCT_NAME = "$(TARGET_NAME)";
				WRAPPER_EXTENSION = app;
			};
			name = Release;
		};
/* End XCBuildConfiguration section */

/* Begin XCConfigurationList section */
		64C68B54156447B500DC7B0D /* Build configuration list for PBXProject "StandfordLecture5" */ = {
			isa = XCConfigurationList;
			buildConfigurations = (
				64C68B76156447B600DC7B0D /* Debug */,
				64C68B77156447B600DC7B0D /* Release */,
			);
			defaultConfigurationIsVisible = 0;
			defaultConfigurationName = Release;
		};
		64C68B78156447B600DC7B0D /* Build configuration list for PBXNativeTarget "StandfordLecture5" */ = {
			isa = XCConfigurationList;
			buildConfigurations = (
				64C68B79156447B600DC7B0D /* Debug */,
				64C68B7A156447B600DC7B0D /* Release */,
			);
			defaultConfigurationIsVisible = 0;
		};
/* End XCConfigurationList section */
	};
	rootObject = 64C68B51156447B500DC7B0D /* Project object */;
}
